
Microsoft Visual Studio Solution File, Format Version 12.00
# Visual Studio Version 17
VisualStudioVersion = 17.10.35027.167
MinimumVisualStudioVersion = 10.0.40219.1
Project("{FAE04EC0-301F-11D3-BF4B-00C04F79EFBC}") = "pryDiesenbergGitHub", "pryDiesenbergGitHub\pryDiesenbergGitHub.csproj", "{D88B7A44-1850-4777-8DDC-6ABDB947275E}"
EndProject
Global
	GlobalSection(SolutionConfigurationPlatforms) = preSolution
		Debug|Any CPU = Debug|Any CPU
		Release|Any CPU = Release|Any CPU
	EndGlobalSection
	GlobalSection(ProjectConfigurationPlatforms) = postSolution
		{D88B7A44-1850-4777-8DDC-6ABDB947275E}.Debug|Any CPU.ActiveCfg = Debug|Any CPU
		{D88B7A44-1850-4777-8DDC-6ABDB947275E}.Debug|Any CPU.Build.0 = Debug|Any CPU
		{D88B7A44-1850-4777-8DDC-6ABDB947275E}.Release|Any CPU.ActiveCfg = Release|Any CPU
		{D88B7A44-1850-4777-8DDC-6ABDB947275E}.Release|Any CPU.Build.0 = Release|Any CPU
	EndGlobalSection
	GlobalSection(SolutionProperties) = preSolution
		HideSolutionNode = FALSE
	EndGlobalSection
	GlobalSection(ExtensibilityGlobals) = postSolution
		SolutionGuid = {F1122FEF-4A3F-47DC-86A6-A91D8AEC5881}
	EndGlobalSection
EndGlobal
